
Microsoft Visual Studio Solution File, Format Version 12.00
# Visual Studio Version 16
VisualStudioVersion = 16.0.32106.194
MinimumVisualStudioVersion = 10.0.40219.1
Project("{FAE04EC0-301F-11D3-BF4B-00C04F79EFBC}") = "MvcProject", "MvcProject\MvcProject.csproj", "{648C0C42-CF65-49CE-A6F0-92DFAC27EAE3}"
EndProject
Global
	GlobalSection(SolutionConfigurationPlatforms) = preSolution
		Debug|Any CPU = Debug|Any CPU
		Release|Any CPU = Release|Any CPU
	EndGlobalSection
	GlobalSection(ProjectConfigurationPlatforms) = postSolution
		{648C0C42-CF65-49CE-A6F0-92DFAC27EAE3}.Debug|Any CPU.ActiveCfg = Debug|Any CPU
		{648C0C42-CF65-49CE-A6F0-92DFAC27EAE3}.Debug|Any CPU.Build.0 = Debug|Any CPU
		{648C0C42-CF65-49CE-A6F0-92DFAC27EAE3}.Release|Any CPU.ActiveCfg = Release|Any CPU
		{648C0C42-CF65-49CE-A6F0-92DFAC27EAE3}.Release|Any CPU.Build.0 = Release|Any CPU
	EndGlobalSection
	GlobalSection(SolutionProperties) = preSolution
		HideSolutionNode = FALSE
	EndGlobalSection
	GlobalSection(ExtensibilityGlobals) = postSolution
		SolutionGuid = {2AC08DB9-CF69-4B35-B7A6-A4542A8B1154}
	EndGlobalSection
EndGlobal
